// !$*UTF8*$!
{
	archiveVersion = 1;
	classes = {
	};
	objectVersion = 46;
	objects = {

/* Begin PBXBuildFile section */
		924E0E391AADDE7500152130 /* main.m in Sources */ = {isa = PBXBuildFile; fileRef = 924E0E381AADDE7500152130 /* main.m */; };
		924E0E3C1AADDE7500152130 /* AppDelegate.m in Sources */ = {isa = PBXBuildFile; fileRef = 924E0E3B1AADDE7500152130 /* AppDelegate.m */; };
		924E0E3F1AADDE7500152130 /* ViewController.m in Sources */ = {isa = PBXBuildFile; fileRef = 924E0E3E1AADDE7500152130 /* ViewController.m */; };
		924E0E421AADDE7500152130 /* Main.storyboard in Resources */ = {isa = PBXBuildFile; fileRef = 924E0E401AADDE7500152130 /* Main.storyboard */; };
		924E0E441AADDE7500152130 /* Images.xcassets in Resources */ = {isa = PBXBuildFile; fileRef = 924E0E431AADDE7500152130 /* Images.xcassets */; };
		924E0E471AADDE7500152130 /* LaunchScreen.xib in Resources */ = {isa = PBXBuildFile; fileRef = 924E0E451AADDE7500152130 /* LaunchScreen.xib */; };
		924E0E531AADDE7500152130 /* InfiniteFibonacciTests.m in Sources */ = {isa = PBXBuildFile; fileRef = 924E0E521AADDE7500152130 /* InfiniteFibonacciTests.m */; };
		924E0E611AADE8BC00152130 /* GlobalFibonacciGenerator.m in Sources */ = {isa = PBXBuildFile; fileRef = 924E0E601AADE8BC00152130 /* GlobalFibonacciGenerator.m */; };
		924E0E621AADE8BC00152130 /* GlobalFibonacciGenerator.m in Sources */ = {isa = PBXBuildFile; fileRef = 924E0E601AADE8BC00152130 /* GlobalFibonacciGenerator.m */; };
		924E0E6B1AAE35B400152130 /* JKBigInteger.m in Sources */ = {isa = PBXBuildFile; fileRef = 924E0E651AAE35B400152130 /* JKBigInteger.m */; };
		924E0E6C1AAE35B400152130 /* JKBigInteger.m in Sources */ = {isa = PBXBuildFile; fileRef = 924E0E651AAE35B400152130 /* JKBigInteger.m */; };
		924E0E6D1AAE35B400152130 /* tommath.c in Sources */ = {isa = PBXBuildFile; fileRef = 924E0E671AAE35B400152130 /* tommath.c */; };
		924E0E6E1AAE35B400152130 /* tommath.c in Sources */ = {isa = PBXBuildFile; fileRef = 924E0E671AAE35B400152130 /* tommath.c */; };
		924E0E701AAE4AEC00152130 /* README.md in Sources */ = {isa = PBXBuildFile; fileRef = 924E0E6F1AAE4AEC00152130 /* README.md */; };
		924E0E711AAE4AEC00152130 /* README.md in Sources */ = {isa = PBXBuildFile; fileRef = 924E0E6F1AAE4AEC00152130 /* README.md */; };
		92B9D1211ACA37C5000DE7D5 /* Localizable.strings in Resources */ = {isa = PBXBuildFile; fileRef = 92B9D1201ACA37C5000DE7D5 /* Localizable.strings */; };
		92B9D1221ACA37C5000DE7D5 /* Localizable.strings in Resources */ = {isa = PBXBuildFile; fileRef = 92B9D1201ACA37C5000DE7D5 /* Localizable.strings */; };
/* End PBXBuildFile section */

/* Begin PBXContainerItemProxy section */
		924E0E4D1AADDE7500152130 /* PBXContainerItemProxy */ = {
			isa = PBXContainerItemProxy;
			containerPortal = 924E0E2B1AADDE7500152130 /* Project object */;
			proxyType = 1;
			remoteGlobalIDString = 924E0E321AADDE7500152130;
			remoteInfo = InfiniteFibonacci;
		};
/* End PBXContainerItemProxy section */

/* Begin PBXFileReference section */
		924E0E331AADDE7500152130 /* InfiniteFibonacci.app */ = {isa = PBXFileReference; explicitFileType = wrapper.application; includeInIndex = 0; path = InfiniteFibonacci.app; sourceTree = BUILT_PRODUCTS_DIR; };
		924E0E371AADDE7500152130 /* Info.plist */ = {isa = PBXFileReference; lastKnownFileType = text.plist.xml; path = Info.plist; sourceTree = "<group>"; };
		924E0E381AADDE7500152130 /* main.m */ = {isa = PBXFileReference; lastKnownFileType = sourcecode.c.objc; path = main.m; sourceTree = "<group>"; };
		924E0E3A1AADDE7500152130 /* AppDelegate.h */ = {isa = PBXFileReference; lastKnownFileType = sourcecode.c.h; path = AppDelegate.h; sourceTree = "<group>"; };
		924E0E3B1AADDE7500152130 /* AppDelegate.m */ = {isa = PBXFileReference; lastKnownFileType = sourcecode.c.objc; path = AppDelegate.m; sourceTree = "<group>"; };
		924E0E3D1AADDE7500152130 /* ViewController.h */ = {isa = PBXFileReference; lastKnownFileType = sourcecode.c.h; path = ViewController.h; sourceTree = "<group>"; };
		924E0E3E1AADDE7500152130 /* ViewController.m */ = {isa = PBXFileReference; lastKnownFileType = sourcecode.c.objc; path = ViewController.m; sourceTree = "<group>"; };
		924E0E411AADDE7500152130 /* Base */ = {isa = PBXFileReference; lastKnownFileType = file.storyboard; name = Base; path = Base.lproj/Main.storyboard; sourceTree = "<group>"; };
		924E0E431AADDE7500152130 /* Images.xcassets */ = {isa = PBXFileReference; lastKnownFileType = folder.assetcatalog; path = Images.xcassets; sourceTree = "<group>"; };
		924E0E461AADDE7500152130 /* Base */ = {isa = PBXFileReference; lastKnownFileType = file.xib; name = Base; path = Base.lproj/LaunchScreen.xib; sourceTree = "<group>"; };
		924E0E4C1AADDE7500152130 /* InfiniteFibonacciTests.xctest */ = {isa = PBXFileReference; explicitFileType = wrapper.cfbundle; includeInIndex = 0; path = InfiniteFibonacciTests.xctest; sourceTree = BUILT_PRODUCTS_DIR; };
		924E0E511AADDE7500152130 /* Info.plist */ = {isa = PBXFileReference; lastKnownFileType = text.plist.xml; path = Info.plist; sourceTree = "<group>"; };
		924E0E521AADDE7500152130 /* InfiniteFibonacciTests.m */ = {isa = PBXFileReference; lastKnownFileType = sourcecode.c.objc; path = InfiniteFibonacciTests.m; sourceTree = "<group>"; };
		924E0E5F1AADE8BC00152130 /* GlobalFibonacciGenerator.h */ = {isa = PBXFileReference; fileEncoding = 4; lastKnownFileType = sourcecode.c.h; path = GlobalFibonacciGenerator.h; sourceTree = "<group>"; };
		924E0E601AADE8BC00152130 /* GlobalFibonacciGenerator.m */ = {isa = PBXFileReference; fileEncoding = 4; lastKnownFileType = sourcecode.c.objc; path = GlobalFibonacciGenerator.m; sourceTree = "<group>"; };
		924E0E641AAE35B400152130 /* JKBigInteger.h */ = {isa = PBXFileReference; fileEncoding = 4; lastKnownFileType = sourcecode.c.h; path = JKBigInteger.h; sourceTree = "<group>"; };
		924E0E651AAE35B400152130 /* JKBigInteger.m */ = {isa = PBXFileReference; fileEncoding = 4; lastKnownFileType = sourcecode.c.objc; path = JKBigInteger.m; sourceTree = "<group>"; };
		924E0E671AAE35B400152130 /* tommath.c */ = {isa = PBXFileReference; fileEncoding = 4; lastKnownFileType = sourcecode.c.c; path = tommath.c; sourceTree = "<group>"; };
		924E0E681AAE35B400152130 /* tommath.h */ = {isa = PBXFileReference; fileEncoding = 4; lastKnownFileType = sourcecode.c.h; path = tommath.h; sourceTree = "<group>"; };
		924E0E691AAE35B400152130 /* tommath_class.h */ = {isa = PBXFileReference; fileEncoding = 4; lastKnownFileType = sourcecode.c.h; path = tommath_class.h; sourceTree = "<group>"; };
		924E0E6A1AAE35B400152130 /* tommath_superclass.h */ = {isa = PBXFileReference; fileEncoding = 4; lastKnownFileType = sourcecode.c.h; path = tommath_superclass.h; sourceTree = "<group>"; };
		924E0E6F1AAE4AEC00152130 /* README.md */ = {isa = PBXFileReference; fileEncoding = 4; lastKnownFileType = net.daringfireball.markdown; path = README.md; sourceTree = "<group>"; };
		92B9D1201ACA37C5000DE7D5 /* Localizable.strings */ = {isa = PBXFileReference; fileEncoding = 4; lastKnownFileType = text.plist.strings; path = Localizable.strings; sourceTree = "<group>"; };
/* End PBXFileReference section */

/* Begin PBXFrameworksBuildPhase section */
		924E0E301AADDE7500152130 /* Frameworks */ = {
			isa = PBXFrameworksBuildPhase;
			buildActionMask = 2147483647;
			files = (
			);
			runOnlyForDeploymentPostprocessing = 0;
		};
		924E0E491AADDE7500152130 /* Frameworks */ = {
			isa = PBXFrameworksBuildPhase;
			buildActionMask = 2147483647;
			files = (
			);
			runOnlyForDeploymentPostprocessing = 0;
		};
/* End PBXFrameworksBuildPhase section */

/* Begin PBXGroup section */
		924E0E2A1AADDE7500152130 = {
			isa = PBXGroup;
			children = (
				924E0E6F1AAE4AEC00152130 /* README.md */,
				924E0E351AADDE7500152130 /* InfiniteFibonacci */,
				924E0E4F1AADDE7500152130 /* InfiniteFibonacciTests */,
				924E0E341AADDE7500152130 /* Products */,
			);
			sourceTree = "<group>";
		};
		924E0E341AADDE7500152130 /* Products */ = {
			isa = PBXGroup;
			children = (
				924E0E331AADDE7500152130 /* InfiniteFibonacci.app */,
				924E0E4C1AADDE7500152130 /* InfiniteFibonacciTests.xctest */,
			);
			name = Products;
			sourceTree = "<group>";
		};
		924E0E351AADDE7500152130 /* InfiniteFibonacci */ = {
			isa = PBXGroup;
			children = (
				924E0E631AAE35B400152130 /* JKBigInteger */,
				924E0E5F1AADE8BC00152130 /* GlobalFibonacciGenerator.h */,
				924E0E601AADE8BC00152130 /* GlobalFibonacciGenerator.m */,
				924E0E3A1AADDE7500152130 /* AppDelegate.h */,
				924E0E3B1AADDE7500152130 /* AppDelegate.m */,
				924E0E3D1AADDE7500152130 /* ViewController.h */,
				924E0E3E1AADDE7500152130 /* ViewController.m */,
				924E0E401AADDE7500152130 /* Main.storyboard */,
				924E0E431AADDE7500152130 /* Images.xcassets */,
				924E0E451AADDE7500152130 /* LaunchScreen.xib */,
				924E0E361AADDE7500152130 /* Supporting Files */,
			);
			path = InfiniteFibonacci;
			sourceTree = "<group>";
		};
		924E0E361AADDE7500152130 /* Supporting Files */ = {
			isa = PBXGroup;
			children = (
				92B9D1201ACA37C5000DE7D5 /* Localizable.strings */,
				924E0E371AADDE7500152130 /* Info.plist */,
				924E0E381AADDE7500152130 /* main.m */,
			);
			name = "Supporting Files";
			sourceTree = "<group>";
		};
		924E0E4F1AADDE7500152130 /* InfiniteFibonacciTests */ = {
			isa = PBXGroup;
			children = (
				924E0E521AADDE7500152130 /* InfiniteFibonacciTests.m */,
				924E0E501AADDE7500152130 /* Supporting Files */,
			);
			path = InfiniteFibonacciTests;
			sourceTree = "<group>";
		};
		924E0E501AADDE7500152130 /* Supporting Files */ = {
			isa = PBXGroup;
			children = (
				924E0E511AADDE7500152130 /* Info.plist */,
			);
			name = "Supporting Files";
			sourceTree = "<group>";
		};
		924E0E631AAE35B400152130 /* JKBigInteger */ = {
			isa = PBXGroup;
			children = (
				924E0E641AAE35B400152130 /* JKBigInteger.h */,
				924E0E651AAE35B400152130 /* JKBigInteger.m */,
				924E0E661AAE35B400152130 /* LibTomMath */,
			);
			path = JKBigInteger;
			sourceTree = "<group>";
		};
		924E0E661AAE35B400152130 /* LibTomMath */ = {
			isa = PBXGroup;
			children = (
				924E0E671AAE35B400152130 /* tommath.c */,
				924E0E681AAE35B400152130 /* tommath.h */,
				924E0E691AAE35B400152130 /* tommath_class.h */,
				924E0E6A1AAE35B400152130 /* tommath_superclass.h */,
			);
			path = LibTomMath;
			sourceTree = "<group>";
		};
/* End PBXGroup section */

/* Begin PBXNativeTarget section */
		924E0E321AADDE7500152130 /* InfiniteFibonacci */ = {
			isa = PBXNativeTarget;
			buildConfigurationList = 924E0E561AADDE7500152130 /* Build configuration list for PBXNativeTarget "InfiniteFibonacci" */;
			buildPhases = (
				924E0E2F1AADDE7500152130 /* Sources */,
				924E0E301AADDE7500152130 /* Frameworks */,
				924E0E311AADDE7500152130 /* Resources */,
			);
			buildRules = (
			);
			dependencies = (
			);
			name = InfiniteFibonacci;
			productName = InfiniteFibonacci;
			productReference = 924E0E331AADDE7500152130 /* InfiniteFibonacci.app */;
			productType = "com.apple.product-type.application";
		};
		924E0E4B1AADDE7500152130 /* InfiniteFibonacciTests */ = {
			isa = PBXNativeTarget;
			buildConfigurationList = 924E0E591AADDE7500152130 /* Build configuration list for PBXNativeTarget "InfiniteFibonacciTests" */;
			buildPhases = (
				924E0E481AADDE7500152130 /* Sources */,
				924E0E491AADDE7500152130 /* Frameworks */,
				924E0E4A1AADDE7500152130 /* Resources */,
			);
			buildRules = (
			);
			dependencies = (
				924E0E4E1AADDE7500152130 /* PBXTargetDependency */,
			);
			name = InfiniteFibonacciTests;
			productName = InfiniteFibonacciTests;
			productReference = 924E0E4C1AADDE7500152130 /* InfiniteFibonacciTests.xctest */;
			productType = "com.apple.product-type.bundle.unit-test";
		};
/* End PBXNativeTarget section */

/* Begin PBXProject section */
		924E0E2B1AADDE7500152130 /* Project object */ = {
			isa = PBXProject;
			attributes = {
				LastUpgradeCheck = 0610;
				ORGANIZATIONNAME = "Ankur Gupta";
				TargetAttributes = {
					924E0E321AADDE7500152130 = {
						CreatedOnToolsVersion = 6.1.1;
					};
					924E0E4B1AADDE7500152130 = {
						CreatedOnToolsVersion = 6.1.1;
						TestTargetID = 924E0E321AADDE7500152130;
					};
				};
			};
			buildConfigurationList = 924E0E2E1AADDE7500152130 /* Build configuration list for PBXProject "InfiniteFibonacci" */;
			compatibilityVersion = "Xcode 3.2";
			developmentRegion = English;
			hasScannedForEncodings = 0;
			knownRegions = (
				en,
				Base,
			);
			mainGroup = 924E0E2A1AADDE7500152130;
			productRefGroup = 924E0E341AADDE7500152130 /* Products */;
			projectDirPath = "";
			projectRoot = "";
			targets = (
				924E0E321AADDE7500152130 /* InfiniteFibonacci */,
				924E0E4B1AADDE7500152130 /* InfiniteFibonacciTests */,
			);
		};
/* End PBXProject section */

/* Begin PBXResourcesBuildPhase section */
		924E0E311AADDE7500152130 /* Resources */ = {
			isa = PBXResourcesBuildPhase;
			buildActionMask = 2147483647;
			files = (
				924E0E421AADDE7500152130 /* Main.storyboard in Resources */,
				92B9D1211ACA37C5000DE7D5 /* Localizable.strings in Resources */,
				924E0E471AADDE7500152130 /* LaunchScreen.xib in Resources */,
				924E0E441AADDE7500152130 /* Images.xcassets in Resources */,
			);
			runOnlyForDeploymentPostprocessing = 0;
		};
		924E0E4A1AADDE7500152130 /* Resources */ = {
			isa = PBXResourcesBuildPhase;
			buildActionMask = 2147483647;
			files = (
				92B9D1221ACA37C5000DE7D5 /* Localizable.strings in Resources */,
			);
			runOnlyForDeploymentPostprocessing = 0;
		};
/* End PBXResourcesBuildPhase section */

/* Begin PBXSourcesBuildPhase section */
		924E0E2F1AADDE7500152130 /* Sources */ = {
			isa = PBXSourcesBuildPhase;
			buildActionMask = 2147483647;
			files = (
				924E0E3F1AADDE7500152130 /* ViewController.m in Sources */,
				924E0E3C1AADDE7500152130 /* AppDelegate.m in Sources */,
				924E0E6D1AAE35B400152130 /* tommath.c in Sources */,
				924E0E701AAE4AEC00152130 /* README.md in Sources */,
				924E0E391AADDE7500152130 /* main.m in Sources */,
				924E0E6B1AAE35B400152130 /* JKBigInteger.m in Sources */,
				924E0E611AADE8BC00152130 /* GlobalFibonacciGenerator.m in Sources */,
			);
			runOnlyForDeploymentPostprocessing = 0;
		};
		924E0E481AADDE7500152130 /* Sources */ = {
			isa = PBXSourcesBuildPhase;
			buildActionMask = 2147483647;
			files = (
				924E0E6E1AAE35B400152130 /* tommath.c in Sources */,
				924E0E531AADDE7500152130 /* InfiniteFibonacciTests.m in Sources */,
				924E0E711AAE4AEC00152130 /* README.md in Sources */,
				924E0E6C1AAE35B400152130 /* JKBigInteger.m in Sources */,
				924E0E621AADE8BC00152130 /* GlobalFibonacciGenerator.m in Sources */,
			);
			runOnlyForDeploymentPostprocessing = 0;
		};
/* End PBXSourcesBuildPhase section */

/* Begin PBXTargetDependency section */
		924E0E4E1AADDE7500152130 /* PBXTargetDependency */ = {
			isa = PBXTargetDependency;
			target = 924E0E321AADDE7500152130 /* InfiniteFibonacci */;
			targetProxy = 924E0E4D1AADDE7500152130 /* PBXContainerItemProxy */;
		};
/* End PBXTargetDependency section */

/* Begin PBXVariantGroup section */
		924E0E401AADDE7500152130 /* Main.storyboard */ = {
			isa = PBXVariantGroup;
			children = (
				924E0E411AADDE7500152130 /* Base */,
			);
			name = Main.storyboard;
			sourceTree = "<group>";
		};
		924E0E451AADDE7500152130 /* LaunchScreen.xib */ = {
			isa = PBXVariantGroup;
			children = (
				924E0E461AADDE7500152130 /* Base */,
			);
			name = LaunchScreen.xib;
			sourceTree = "<group>";
		};
/* End PBXVariantGroup section */

/* Begin XCBuildConfiguration section */
		924E0E541AADDE7500152130 /* Debug */ = {
			isa = XCBuildConfiguration;
			buildSettings = {
				ALWAYS_SEARCH_USER_PATHS = NO;
				CLANG_CXX_LANGUAGE_STANDARD = "gnu++0x";
				CLANG_CXX_LIBRARY = "libc++";
				CLANG_ENABLE_MODULES = YES;
				CLANG_ENABLE_OBJC_ARC = YES;
				CLANG_WARN_BOOL_CONVERSION = YES;
				CLANG_WARN_CONSTANT_CONVERSION = YES;
				CLANG_WARN_DIRECT_OBJC_ISA_USAGE = YES_ERROR;
				CLANG_WARN_EMPTY_BODY = YES;
				CLANG_WARN_ENUM_CONVERSION = YES;
				CLANG_WARN_INT_CONVERSION = YES;
				CLANG_WARN_OBJC_ROOT_CLASS = YES_ERROR;
				CLANG_WARN_UNREACHABLE_CODE = YES;
				CLANG_WARN__DUPLICATE_METHOD_MATCH = YES;
				"CODE_SIGN_IDENTITY[sdk=iphoneos*]" = "iPhone Developer";
				COPY_PHASE_STRIP = NO;
				ENABLE_STRICT_OBJC_MSGSEND = YES;
				GCC_C_LANGUAGE_STANDARD = gnu99;
				GCC_DYNAMIC_NO_PIC = NO;
				GCC_OPTIMIZATION_LEVEL = 0;
				GCC_PREPROCESSOR_DEFINITIONS = (
					"DEBUG=1",
					"$(inherited)",
				);
				GCC_SYMBOLS_PRIVATE_EXTERN = NO;
				GCC_WARN_64_TO_32_BIT_CONVERSION = YES;
				GCC_WARN_ABOUT_RETURN_TYPE = YES_ERROR;
				GCC_WARN_UNDECLARED_SELECTOR = YES;
				GCC_WARN_UNINITIALIZED_AUTOS = YES_AGGRESSIVE;
				GCC_WARN_UNUSED_FUNCTION = YES;
				GCC_WARN_UNUSED_VARIABLE = YES;
				IPHONEOS_DEPLOYMENT_TARGET = 8.1;
				MTL_ENABLE_DEBUG_INFO = YES;
				ONLY_ACTIVE_ARCH = YES;
				SDKROOT = iphoneos;
			};
			name = Debug;
		};
		924E0E551AADDE7500152130 /* Release */ = {
			isa = XCBuildConfiguration;
			buildSettings = {
				ALWAYS_SEARCH_USER_PATHS = NO;
				CLANG_CXX_LANGUAGE_STANDARD = "gnu++0x";
				CLANG_CXX_LIBRARY = "libc++";
				CLANG_ENABLE_MODULES = YES;
				CLANG_ENABLE_OBJC_ARC = YES;
				CLANG_WARN_BOOL_CONVERSION = YES;
				CLANG_WARN_CONSTANT_CONVERSION = YES;
				CLANG_WARN_DIRECT_OBJC_ISA_USAGE = YES_ERROR;
				CLANG_WARN_EMPTY_BODY = YES;
				CLANG_WARN_ENUM_CONVERSION = YES;
				CLANG_WARN_INT_CONVERSION = YES;
				CLANG_WARN_OBJC_ROOT_CLASS = YES_ERROR;
				CLANG_WARN_UNREACHABLE_CODE = YES;
				CLANG_WARN__DUPLICATE_METHOD_MATCH = YES;
				"CODE_SIGN_IDENTITY[sdk=iphoneos*]" = "iPhone Developer";
				COPY_PHASE_STRIP = YES;
				ENABLE_NS_ASSERTIONS = NO;
				ENABLE_STRICT_OBJC_MSGSEND = YES;
				GCC_C_LANGUAGE_STANDARD = gnu99;
				GCC_WARN_64_TO_32_BIT_CONVERSION = YES;
				GCC_WARN_ABOUT_RETURN_TYPE = YES_ERROR;
				GCC_WARN_UNDECLARED_SELECTOR = YES;
				GCC_WARN_UNINITIALIZED_AUTOS = YES_AGGRESSIVE;
				GCC_WARN_UNUSED_FUNCTION = YES;
				GCC_WARN_UNUSED_VARIABLE = YES;
				IPHONEOS_DEPLOYMENT_TARGET = 8.1;
				MTL_ENABLE_DEBUG_INFO = NO;
				SDKROOT = iphoneos;
				VALIDATE_PRODUCT = YES;
			};
			name = Release;
		};
		924E0E571AADDE7500152130 /* Debug */ = {
			isa = XCBuildConfiguration;
			buildSettings = {
				ASSETCATALOG_COMPILER_APPICON_NAME = AppIcon;
				INFOPLIST_FILE = InfiniteFibonacci/Info.plist;
				LD_RUNPATH_SEARCH_PATHS = "$(inherited) @executable_path/Frameworks";
				PRODUCT_NAME = "$(TARGET_NAME)";
			};
			name = Debug;
		};
		924E0E581AADDE7500152130 /* Release */ = {
			isa = XCBuildConfiguration;
			buildSettings = {
				ASSETCATALOG_COMPILER_APPICON_NAME = AppIcon;
				INFOPLIST_FILE = InfiniteFibonacci/Info.plist;
				LD_RUNPATH_SEARCH_PATHS = "$(inherited) @executable_path/Frameworks";
				PRODUCT_NAME = "$(TARGET_NAME)";
			};
			name = Release;
		};
		924E0E5A1AADDE7500152130 /* Debug */ = {
			isa = XCBuildConfiguration;
			buildSettings = {
				BUNDLE_LOADER = "$(TEST_HOST)";
				FRAMEWORK_SEARCH_PATHS = (
					"$(SDKROOT)/Developer/Library/Frameworks",
					"$(inherited)",
				);
				GCC_PREPROCESSOR_DEFINITIONS = (
					"DEBUG=1",
					"$(inherited)",
				);
				INFOPLIST_FILE = InfiniteFibonacciTests/Info.plist;
				LD_RUNPATH_SEARCH_PATHS = "$(inherited) @executable_path/Frameworks @loader_path/Frameworks";
				PRODUCT_NAME = "$(TARGET_NAME)";
				TEST_HOST = "$(BUILT_PRODUCTS_DIR)/InfiniteFibonacci.app/InfiniteFibonacci";
			};
			name = Debug;
		};
		924E0E5B1AADDE7500152130 /* Release */ = {
			isa = XCBuildConfiguration;
			buildSettings = {
				BUNDLE_LOADER = "$(TEST_HOST)";
				FRAMEWORK_SEARCH_PATHS = (
					"$(SDKROOT)/Developer/Library/Frameworks",
					"$(inherited)",
				);
				INFOPLIST_FILE = InfiniteFibonacciTests/Info.plist;
				LD_RUNPATH_SEARCH_PATHS = "$(inherited) @executable_path/Frameworks @loader_path/Frameworks";
				PRODUCT_NAME = "$(TARGET_NAME)";
				TEST_HOST = "$(BUILT_PRODUCTS_DIR)/InfiniteFibonacci.app/InfiniteFibonacci";
			};
			name = Release;
		};
/* End XCBuildConfiguration section */

/* Begin XCConfigurationList section */
		924E0E2E1AADDE7500152130 /* Build configuration list for PBXProject "InfiniteFibonacci" */ = {
			isa = XCConfigurationList;
			buildConfigurations = (
				924E0E541AADDE7500152130 /* Debug */,
				924E0E551AADDE7500152130 /* Release */,
			);
			defaultConfigurationIsVisible = 0;
			defaultConfigurationName = Release;
		};
		924E0E561AADDE7500152130 /* Build configuration list for PBXNativeTarget "InfiniteFibonacci" */ = {
			isa = XCConfigurationList;
			buildConfigurations = (
				924E0E571AADDE7500152130 /* Debug */,
				924E0E581AADDE7500152130 /* Release */,
			);
			defaultConfigurationIsVisible = 0;
			defaultConfigurationName = Release;
		};
		924E0E591AADDE7500152130 /* Build configuration list for PBXNativeTarget "InfiniteFibonacciTests" */ = {
			isa = XCConfigurationList;
			buildConfigurations = (
				924E0E5A1AADDE7500152130 /* Debug */,
				924E0E5B1AADDE7500152130 /* Release */,
			);
			defaultConfigurationIsVisible = 0;
			defaultConfigurationName = Release;
		};
/* End XCConfigurationList section */
	};
	rootObject = 924E0E2B1AADDE7500152130 /* Project object */;
}
